// !$*UTF8*$!
{
	archiveVersion = 1;
	classes = {
	};
	objectVersion = 51;
	objects = {

/* Begin PBXBuildFile section */
		071D6B682419576500571DE9 /* ColorExtension.swift in Sources */ = {isa = PBXBuildFile; fileRef = 071D6B672419576500571DE9 /* ColorExtension.swift */; };
		071D6B6C241976C200571DE9 /* TitleModifier.swift in Sources */ = {isa = PBXBuildFile; fileRef = 071D6B6B241976C200571DE9 /* TitleModifier.swift */; };
		07415FE524181D8800486885 /* SignUpView.swift in Sources */ = {isa = PBXBuildFile; fileRef = 07415FE424181D8800486885 /* SignUpView.swift */; };
		07415FE9241832E700486885 /* TextFieldView.swift in Sources */ = {isa = PBXBuildFile; fileRef = 07415FE8241832E700486885 /* TextFieldView.swift */; };
		07415FEC24183A7E00486885 /* StringExtension.swift in Sources */ = {isa = PBXBuildFile; fileRef = 07415FEB24183A7E00486885 /* StringExtension.swift */; };
		07442D0B241C08E700A235E7 /* ActivityIndicatorView.swift in Sources */ = {isa = PBXBuildFile; fileRef = 07442D0A241C08E700A235E7 /* ActivityIndicatorView.swift */; };
		07442D11241C186100A235E7 /* RootView.swift in Sources */ = {isa = PBXBuildFile; fileRef = 07442D10241C186100A235E7 /* RootView.swift */; };
		07442D13241C189300A235E7 /* ViewRouter.swift in Sources */ = {isa = PBXBuildFile; fileRef = 07442D12241C189300A235E7 /* ViewRouter.swift */; };
		0749E1B0242A743300340F8B /* ProfileView.swift in Sources */ = {isa = PBXBuildFile; fileRef = 0749E1AF242A743300340F8B /* ProfileView.swift */; };
		074AADB924192895002C6F85 /* TextFieldData.swift in Sources */ = {isa = PBXBuildFile; fileRef = 074AADB824192895002C6F85 /* TextFieldData.swift */; };
		074B1440241AC6ED000CFFA0 /* LoginViewModel.swift in Sources */ = {isa = PBXBuildFile; fileRef = 074B143F241AC6ED000CFFA0 /* LoginViewModel.swift */; };
		0768431F2434D9B40052FD64 /* LoginServices.swift in Sources */ = {isa = PBXBuildFile; fileRef = 0768431E2434D9B40052FD64 /* LoginServices.swift */; };
		076843222434DF8C0052FD64 /* Session.swift in Sources */ = {isa = PBXBuildFile; fileRef = 076843212434DF8C0052FD64 /* Session.swift */; };
		076843242434DFBC0052FD64 /* DictionaryExtension.swift in Sources */ = {isa = PBXBuildFile; fileRef = 076843232434DFBC0052FD64 /* DictionaryExtension.swift */; };
		076843262434DFD30052FD64 /* HTTPHeader.swift in Sources */ = {isa = PBXBuildFile; fileRef = 076843252434DFD30052FD64 /* HTTPHeader.swift */; };
		076843292434E03B0052FD64 /* SessionManager.swift in Sources */ = {isa = PBXBuildFile; fileRef = 076843282434E03B0052FD64 /* SessionManager.swift */; };
		0768432C2434E0D20052FD64 /* ConfigurationManager.swift in Sources */ = {isa = PBXBuildFile; fileRef = 0768432B2434E0D20052FD64 /* ConfigurationManager.swift */; };
		0768432E2434E5170052FD64 /* APIClient.swift in Sources */ = {isa = PBXBuildFile; fileRef = 0768432D2434E5170052FD64 /* APIClient.swift */; };
		076843302434E6660052FD64 /* MultipartMedia.swift in Sources */ = {isa = PBXBuildFile; fileRef = 0768432F2434E6660052FD64 /* MultipartMedia.swift */; };
		076843322434E6B70052FD64 /* Base64Media.swift in Sources */ = {isa = PBXBuildFile; fileRef = 076843312434E6B70052FD64 /* Base64Media.swift */; };
		076843372434FFC70052FD64 /* App.swift in Sources */ = {isa = PBXBuildFile; fileRef = 076843362434FFC70052FD64 /* App.swift */; };
		07684339243523740052FD64 /* UserDataManager.swift in Sources */ = {isa = PBXBuildFile; fileRef = 07684338243523740052FD64 /* UserDataManager.swift */; };
		0768433B243523AF0052FD64 /* User.swift in Sources */ = {isa = PBXBuildFile; fileRef = 0768433A243523AF0052FD64 /* User.swift */; };
		07849A77243783CE00321FB9 /* SignUpViewModel.swift in Sources */ = {isa = PBXBuildFile; fileRef = 07849A76243783CE00321FB9 /* SignUpViewModel.swift */; };
		07849A7924378E4B00321FB9 /* ImageExtension.swift in Sources */ = {isa = PBXBuildFile; fileRef = 07849A7824378E4B00321FB9 /* ImageExtension.swift */; };
		079BE4DC241816F700241627 /* LoginView.swift in Sources */ = {isa = PBXBuildFile; fileRef = 079BE4DB241816F700241627 /* LoginView.swift */; };
		07A649FC2417E137003C6753 /* AppDelegate.swift in Sources */ = {isa = PBXBuildFile; fileRef = 07A649FB2417E137003C6753 /* AppDelegate.swift */; };
		07A649FE2417E137003C6753 /* SceneDelegate.swift in Sources */ = {isa = PBXBuildFile; fileRef = 07A649FD2417E137003C6753 /* SceneDelegate.swift */; };
		07A64A002417E137003C6753 /* HomeView.swift in Sources */ = {isa = PBXBuildFile; fileRef = 07A649FF2417E137003C6753 /* HomeView.swift */; };
		07A64A022417E13A003C6753 /* Assets.xcassets in Resources */ = {isa = PBXBuildFile; fileRef = 07A64A012417E13A003C6753 /* Assets.xcassets */; };
		07A64A052417E13A003C6753 /* Preview Assets.xcassets in Resources */ = {isa = PBXBuildFile; fileRef = 07A64A042417E13A003C6753 /* Preview Assets.xcassets */; };
		07A64A082417E13A003C6753 /* LaunchScreen.storyboard in Resources */ = {isa = PBXBuildFile; fileRef = 07A64A062417E13A003C6753 /* LaunchScreen.storyboard */; };
		07A64A132417E13B003C6753 /* swift_ui_baseTests.swift in Sources */ = {isa = PBXBuildFile; fileRef = 07A64A122417E13B003C6753 /* swift_ui_baseTests.swift */; };
		07A64A1E2417E13B003C6753 /* swift_ui_baseUITests.swift in Sources */ = {isa = PBXBuildFile; fileRef = 07A64A1D2417E13B003C6753 /* swift_ui_baseUITests.swift */; };
		3218556AC3E288299647648A /* Pods_swift_ui_base.framework in Frameworks */ = {isa = PBXBuildFile; fileRef = BFEC362C9076EB4484C6F738 /* Pods_swift_ui_base.framework */; };
		4EAABE85E34C52955902C6D1 /* Pods_swift_ui_baseTests.framework in Frameworks */ = {isa = PBXBuildFile; fileRef = 058C2EECB9E8E4FD7D43885A /* Pods_swift_ui_baseTests.framework */; };
		95FA54FA44937688659BCB9D /* Pods_swift_ui_baseUITests.framework in Frameworks */ = {isa = PBXBuildFile; fileRef = 7342A35480A6FAF99723F957 /* Pods_swift_ui_baseUITests.framework */; };
/* End PBXBuildFile section */

/* Begin PBXContainerItemProxy section */
		07A64A0F2417E13B003C6753 /* PBXContainerItemProxy */ = {
			isa = PBXContainerItemProxy;
			containerPortal = 07A649F02417E137003C6753 /* Project object */;
			proxyType = 1;
			remoteGlobalIDString = 07A649F72417E137003C6753;
			remoteInfo = "swift-ui-base";
		};
		07A64A1A2417E13B003C6753 /* PBXContainerItemProxy */ = {
			isa = PBXContainerItemProxy;
			containerPortal = 07A649F02417E137003C6753 /* Project object */;
			proxyType = 1;
			remoteGlobalIDString = 07A649F72417E137003C6753;
			remoteInfo = "swift-ui-base";
		};
/* End PBXContainerItemProxy section */

/* Begin PBXFileReference section */
		058C2EECB9E8E4FD7D43885A /* Pods_swift_ui_baseTests.framework */ = {isa = PBXFileReference; explicitFileType = wrapper.framework; includeInIndex = 0; path = Pods_swift_ui_baseTests.framework; sourceTree = BUILT_PRODUCTS_DIR; };
		071D6B672419576500571DE9 /* ColorExtension.swift */ = {isa = PBXFileReference; lastKnownFileType = sourcecode.swift; path = ColorExtension.swift; sourceTree = "<group>"; };
		071D6B6B241976C200571DE9 /* TitleModifier.swift */ = {isa = PBXFileReference; lastKnownFileType = sourcecode.swift; path = TitleModifier.swift; sourceTree = "<group>"; };
		07415FE424181D8800486885 /* SignUpView.swift */ = {isa = PBXFileReference; lastKnownFileType = sourcecode.swift; path = SignUpView.swift; sourceTree = "<group>"; };
		07415FE8241832E700486885 /* TextFieldView.swift */ = {isa = PBXFileReference; lastKnownFileType = sourcecode.swift; path = TextFieldView.swift; sourceTree = "<group>"; };
		07415FEB24183A7E00486885 /* StringExtension.swift */ = {isa = PBXFileReference; lastKnownFileType = sourcecode.swift; path = StringExtension.swift; sourceTree = "<group>"; };
		07442D0A241C08E700A235E7 /* ActivityIndicatorView.swift */ = {isa = PBXFileReference; lastKnownFileType = sourcecode.swift; path = ActivityIndicatorView.swift; sourceTree = "<group>"; };
		07442D10241C186100A235E7 /* RootView.swift */ = {isa = PBXFileReference; lastKnownFileType = sourcecode.swift; path = RootView.swift; sourceTree = "<group>"; };
		07442D12241C189300A235E7 /* ViewRouter.swift */ = {isa = PBXFileReference; lastKnownFileType = sourcecode.swift; path = ViewRouter.swift; sourceTree = "<group>"; };
		0749E1AF242A743300340F8B /* ProfileView.swift */ = {isa = PBXFileReference; lastKnownFileType = sourcecode.swift; path = ProfileView.swift; sourceTree = "<group>"; };
		074AADB824192895002C6F85 /* TextFieldData.swift */ = {isa = PBXFileReference; lastKnownFileType = sourcecode.swift; path = TextFieldData.swift; sourceTree = "<group>"; };
		074B143F241AC6ED000CFFA0 /* LoginViewModel.swift */ = {isa = PBXFileReference; lastKnownFileType = sourcecode.swift; path = LoginViewModel.swift; sourceTree = "<group>"; };
		0768431E2434D9B40052FD64 /* LoginServices.swift */ = {isa = PBXFileReference; lastKnownFileType = sourcecode.swift; path = LoginServices.swift; sourceTree = "<group>"; };
		076843212434DF8C0052FD64 /* Session.swift */ = {isa = PBXFileReference; lastKnownFileType = sourcecode.swift; path = Session.swift; sourceTree = "<group>"; };
		076843232434DFBC0052FD64 /* DictionaryExtension.swift */ = {isa = PBXFileReference; lastKnownFileType = sourcecode.swift; path = DictionaryExtension.swift; sourceTree = "<group>"; };
		076843252434DFD30052FD64 /* HTTPHeader.swift */ = {isa = PBXFileReference; lastKnownFileType = sourcecode.swift; path = HTTPHeader.swift; sourceTree = "<group>"; };
		076843282434E03B0052FD64 /* SessionManager.swift */ = {isa = PBXFileReference; lastKnownFileType = sourcecode.swift; path = SessionManager.swift; sourceTree = "<group>"; };
		0768432B2434E0D20052FD64 /* ConfigurationManager.swift */ = {isa = PBXFileReference; lastKnownFileType = sourcecode.swift; path = ConfigurationManager.swift; sourceTree = "<group>"; };
		0768432D2434E5170052FD64 /* APIClient.swift */ = {isa = PBXFileReference; lastKnownFileType = sourcecode.swift; path = APIClient.swift; sourceTree = "<group>"; };
		0768432F2434E6660052FD64 /* MultipartMedia.swift */ = {isa = PBXFileReference; lastKnownFileType = sourcecode.swift; path = MultipartMedia.swift; sourceTree = "<group>"; };
		076843312434E6B70052FD64 /* Base64Media.swift */ = {isa = PBXFileReference; lastKnownFileType = sourcecode.swift; path = Base64Media.swift; sourceTree = "<group>"; };
		076843362434FFC70052FD64 /* App.swift */ = {isa = PBXFileReference; lastKnownFileType = sourcecode.swift; path = App.swift; sourceTree = "<group>"; };
		07684338243523740052FD64 /* UserDataManager.swift */ = {isa = PBXFileReference; lastKnownFileType = sourcecode.swift; path = UserDataManager.swift; sourceTree = "<group>"; };
		0768433A243523AF0052FD64 /* User.swift */ = {isa = PBXFileReference; lastKnownFileType = sourcecode.swift; path = User.swift; sourceTree = "<group>"; };
		07849A76243783CE00321FB9 /* SignUpViewModel.swift */ = {isa = PBXFileReference; lastKnownFileType = sourcecode.swift; path = SignUpViewModel.swift; sourceTree = "<group>"; };
		07849A7824378E4B00321FB9 /* ImageExtension.swift */ = {isa = PBXFileReference; lastKnownFileType = sourcecode.swift; path = ImageExtension.swift; sourceTree = "<group>"; };
		079BE4DB241816F700241627 /* LoginView.swift */ = {isa = PBXFileReference; lastKnownFileType = sourcecode.swift; path = LoginView.swift; sourceTree = "<group>"; };
		07A649F82417E137003C6753 /* swift-ui-base.app */ = {isa = PBXFileReference; explicitFileType = wrapper.application; includeInIndex = 0; path = "swift-ui-base.app"; sourceTree = BUILT_PRODUCTS_DIR; };
		07A649FB2417E137003C6753 /* AppDelegate.swift */ = {isa = PBXFileReference; lastKnownFileType = sourcecode.swift; path = AppDelegate.swift; sourceTree = "<group>"; };
		07A649FD2417E137003C6753 /* SceneDelegate.swift */ = {isa = PBXFileReference; lastKnownFileType = sourcecode.swift; path = SceneDelegate.swift; sourceTree = "<group>"; };
		07A649FF2417E137003C6753 /* HomeView.swift */ = {isa = PBXFileReference; lastKnownFileType = sourcecode.swift; path = HomeView.swift; sourceTree = "<group>"; };
		07A64A012417E13A003C6753 /* Assets.xcassets */ = {isa = PBXFileReference; lastKnownFileType = folder.assetcatalog; path = Assets.xcassets; sourceTree = "<group>"; };
		07A64A042417E13A003C6753 /* Preview Assets.xcassets */ = {isa = PBXFileReference; lastKnownFileType = folder.assetcatalog; path = "Preview Assets.xcassets"; sourceTree = "<group>"; };
		07A64A072417E13A003C6753 /* Base */ = {isa = PBXFileReference; lastKnownFileType = file.storyboard; name = Base; path = Base.lproj/LaunchScreen.storyboard; sourceTree = "<group>"; };
		07A64A092417E13A003C6753 /* Info.plist */ = {isa = PBXFileReference; lastKnownFileType = text.plist.xml; path = Info.plist; sourceTree = "<group>"; };
		07A64A0E2417E13B003C6753 /* swift-ui-baseTests.xctest */ = {isa = PBXFileReference; explicitFileType = wrapper.cfbundle; includeInIndex = 0; path = "swift-ui-baseTests.xctest"; sourceTree = BUILT_PRODUCTS_DIR; };
		07A64A122417E13B003C6753 /* swift_ui_baseTests.swift */ = {isa = PBXFileReference; lastKnownFileType = sourcecode.swift; path = swift_ui_baseTests.swift; sourceTree = "<group>"; };
		07A64A142417E13B003C6753 /* Info.plist */ = {isa = PBXFileReference; lastKnownFileType = text.plist.xml; path = Info.plist; sourceTree = "<group>"; };
		07A64A192417E13B003C6753 /* swift-ui-baseUITests.xctest */ = {isa = PBXFileReference; explicitFileType = wrapper.cfbundle; includeInIndex = 0; path = "swift-ui-baseUITests.xctest"; sourceTree = BUILT_PRODUCTS_DIR; };
		07A64A1D2417E13B003C6753 /* swift_ui_baseUITests.swift */ = {isa = PBXFileReference; lastKnownFileType = sourcecode.swift; path = swift_ui_baseUITests.swift; sourceTree = "<group>"; };
		07A64A1F2417E13B003C6753 /* Info.plist */ = {isa = PBXFileReference; lastKnownFileType = text.plist.xml; path = Info.plist; sourceTree = "<group>"; };
		12653AEF26E8044C6B61E1ED /* Pods-swift-ui-base.release.xcconfig */ = {isa = PBXFileReference; includeInIndex = 1; lastKnownFileType = text.xcconfig; name = "Pods-swift-ui-base.release.xcconfig"; path = "Target Support Files/Pods-swift-ui-base/Pods-swift-ui-base.release.xcconfig"; sourceTree = "<group>"; };
		147939A36A56A6307116F738 /* Pods-swift-ui-baseTests.debug.xcconfig */ = {isa = PBXFileReference; includeInIndex = 1; lastKnownFileType = text.xcconfig; name = "Pods-swift-ui-baseTests.debug.xcconfig"; path = "Target Support Files/Pods-swift-ui-baseTests/Pods-swift-ui-baseTests.debug.xcconfig"; sourceTree = "<group>"; };
		40226436FE838D186D731142 /* Pods-swift-ui-base-swift-ui-baseUITests.debug.xcconfig */ = {isa = PBXFileReference; includeInIndex = 1; lastKnownFileType = text.xcconfig; name = "Pods-swift-ui-base-swift-ui-baseUITests.debug.xcconfig"; path = "Target Support Files/Pods-swift-ui-base-swift-ui-baseUITests/Pods-swift-ui-base-swift-ui-baseUITests.debug.xcconfig"; sourceTree = "<group>"; };
		72B223D48BBD0ED4B7332B93 /* Pods-swift-ui-baseTests.release.xcconfig */ = {isa = PBXFileReference; includeInIndex = 1; lastKnownFileType = text.xcconfig; name = "Pods-swift-ui-baseTests.release.xcconfig"; path = "Target Support Files/Pods-swift-ui-baseTests/Pods-swift-ui-baseTests.release.xcconfig"; sourceTree = "<group>"; };
		7342A35480A6FAF99723F957 /* Pods_swift_ui_baseUITests.framework */ = {isa = PBXFileReference; explicitFileType = wrapper.framework; includeInIndex = 0; path = Pods_swift_ui_baseUITests.framework; sourceTree = BUILT_PRODUCTS_DIR; };
		7D96E4C3946755E2926E5F2D /* Pods-swift-ui-baseUITests.release.xcconfig */ = {isa = PBXFileReference; includeInIndex = 1; lastKnownFileType = text.xcconfig; name = "Pods-swift-ui-baseUITests.release.xcconfig"; path = "Target Support Files/Pods-swift-ui-baseUITests/Pods-swift-ui-baseUITests.release.xcconfig"; sourceTree = "<group>"; };
		9B082B02B1F5FE25430008AB /* Pods-swift-ui-baseUITests.debug.xcconfig */ = {isa = PBXFileReference; includeInIndex = 1; lastKnownFileType = text.xcconfig; name = "Pods-swift-ui-baseUITests.debug.xcconfig"; path = "Target Support Files/Pods-swift-ui-baseUITests/Pods-swift-ui-baseUITests.debug.xcconfig"; sourceTree = "<group>"; };
		B7E08AE950716555C03268DA /* Pods-swift-ui-base.debug.xcconfig */ = {isa = PBXFileReference; includeInIndex = 1; lastKnownFileType = text.xcconfig; name = "Pods-swift-ui-base.debug.xcconfig"; path = "Target Support Files/Pods-swift-ui-base/Pods-swift-ui-base.debug.xcconfig"; sourceTree = "<group>"; };
		BFEC362C9076EB4484C6F738 /* Pods_swift_ui_base.framework */ = {isa = PBXFileReference; explicitFileType = wrapper.framework; includeInIndex = 0; path = Pods_swift_ui_base.framework; sourceTree = BUILT_PRODUCTS_DIR; };
		C2B29133D2785C71D78BD97B /* Pods-swift-ui-base-swift-ui-baseUITests.release.xcconfig */ = {isa = PBXFileReference; includeInIndex = 1; lastKnownFileType = text.xcconfig; name = "Pods-swift-ui-base-swift-ui-baseUITests.release.xcconfig"; path = "Target Support Files/Pods-swift-ui-base-swift-ui-baseUITests/Pods-swift-ui-base-swift-ui-baseUITests.release.xcconfig"; sourceTree = "<group>"; };
/* End PBXFileReference section */

/* Begin PBXFrameworksBuildPhase section */
		07A649F52417E137003C6753 /* Frameworks */ = {
			isa = PBXFrameworksBuildPhase;
			buildActionMask = 2147483647;
			files = (
				3218556AC3E288299647648A /* Pods_swift_ui_base.framework in Frameworks */,
			);
			runOnlyForDeploymentPostprocessing = 0;
		};
		07A64A0B2417E13B003C6753 /* Frameworks */ = {
			isa = PBXFrameworksBuildPhase;
			buildActionMask = 2147483647;
			files = (
				4EAABE85E34C52955902C6D1 /* Pods_swift_ui_baseTests.framework in Frameworks */,
			);
			runOnlyForDeploymentPostprocessing = 0;
		};
		07A64A162417E13B003C6753 /* Frameworks */ = {
			isa = PBXFrameworksBuildPhase;
			buildActionMask = 2147483647;
			files = (
				95FA54FA44937688659BCB9D /* Pods_swift_ui_baseUITests.framework in Frameworks */,
			);
			runOnlyForDeploymentPostprocessing = 0;
		};
/* End PBXFrameworksBuildPhase section */

/* Begin PBXGroup section */
		071D6B692419765600571DE9 /* View */ = {
			isa = PBXGroup;
			children = (
				07442D09241C08D700A235E7 /* ActivityIndicator */,
				07415FE7241832D000486885 /* TextField */,
			);
			path = View;
			sourceTree = "<group>";
		};
		071D6B6A2419765B00571DE9 /* Modifier */ = {
			isa = PBXGroup;
			children = (
				071D6B6B241976C200571DE9 /* TitleModifier.swift */,
			);
			path = Modifier;
			sourceTree = "<group>";
		};
		07415FE62418325A00486885 /* Common */ = {
			isa = PBXGroup;
			children = (
				076843352434FFBD0052FD64 /* Model */,
				0768432A2434E0BE0052FD64 /* Manager */,
				071D6B6A2419765B00571DE9 /* Modifier */,
				071D6B692419765600571DE9 /* View */,
			);
			path = Common;
			sourceTree = "<group>";
		};
		07415FE7241832D000486885 /* TextField */ = {
			isa = PBXGroup;
			children = (
				074AADB72419286F002C6F85 /* View */,
				074AADB62419286A002C6F85 /* Model */,
			);
			path = TextField;
			sourceTree = "<group>";
		};
		07415FEA24183A2700486885 /* Extensions */ = {
			isa = PBXGroup;
			children = (
				07415FEB24183A7E00486885 /* StringExtension.swift */,
				071D6B672419576500571DE9 /* ColorExtension.swift */,
				076843232434DFBC0052FD64 /* DictionaryExtension.swift */,
				07849A7824378E4B00321FB9 /* ImageExtension.swift */,
			);
			path = Extensions;
			sourceTree = "<group>";
		};
		07442D09241C08D700A235E7 /* ActivityIndicator */ = {
			isa = PBXGroup;
			children = (
				07442D0A241C08E700A235E7 /* ActivityIndicatorView.swift */,
			);
			path = ActivityIndicator;
			sourceTree = "<group>";
		};
		07442D0D241C169F00A235E7 /* Navigation */ = {
			isa = PBXGroup;
			children = (
				07442D0F241C184700A235E7 /* Model */,
				07442D0E241C184100A235E7 /* View */,
			);
			path = Navigation;
			sourceTree = "<group>";
		};
		07442D0E241C184100A235E7 /* View */ = {
			isa = PBXGroup;
			children = (
				07442D10241C186100A235E7 /* RootView.swift */,
			);
			path = View;
			sourceTree = "<group>";
		};
		07442D0F241C184700A235E7 /* Model */ = {
			isa = PBXGroup;
			children = (
				07442D12241C189300A235E7 /* ViewRouter.swift */,
			);
			path = Model;
			sourceTree = "<group>";
		};
		074AADB62419286A002C6F85 /* Model */ = {
			isa = PBXGroup;
			children = (
				074AADB824192895002C6F85 /* TextFieldData.swift */,
			);
			path = Model;
			sourceTree = "<group>";
		};
		074AADB72419286F002C6F85 /* View */ = {
			isa = PBXGroup;
			children = (
				07415FE8241832E700486885 /* TextFieldView.swift */,
			);
			path = View;
			sourceTree = "<group>";
		};
		074B143E241AC6D7000CFFA0 /* ViewModel */ = {
			isa = PBXGroup;
			children = (
				074B143F241AC6ED000CFFA0 /* LoginViewModel.swift */,
				07849A76243783CE00321FB9 /* SignUpViewModel.swift */,
			);
			path = ViewModel;
			sourceTree = "<group>";
		};
		0768431B2434D9520052FD64 /* Networking */ = {
			isa = PBXGroup;
			children = (
				076843272434E01C0052FD64 /* Manager */,
				0768431D2434D9960052FD64 /* Service */,
				0768431C2434D98B0052FD64 /* Model */,
			);
			path = Networking;
			sourceTree = "<group>";
		};
		0768431C2434D98B0052FD64 /* Model */ = {
			isa = PBXGroup;
			children = (
				076843212434DF8C0052FD64 /* Session.swift */,
				076843252434DFD30052FD64 /* HTTPHeader.swift */,
				0768432F2434E6660052FD64 /* MultipartMedia.swift */,
				076843312434E6B70052FD64 /* Base64Media.swift */,
			);
			path = Model;
			sourceTree = "<group>";
		};
		0768431D2434D9960052FD64 /* Service */ = {
			isa = PBXGroup;
			children = (
				0768431E2434D9B40052FD64 /* LoginServices.swift */,
				0768432D2434E5170052FD64 /* APIClient.swift */,
			);
			path = Service;
			sourceTree = "<group>";
		};
		076843272434E01C0052FD64 /* Manager */ = {
			isa = PBXGroup;
			children = (
				076843282434E03B0052FD64 /* SessionManager.swift */,
			);
			path = Manager;
			sourceTree = "<group>";
		};
		0768432A2434E0BE0052FD64 /* Manager */ = {
			isa = PBXGroup;
			children = (
				0768432B2434E0D20052FD64 /* ConfigurationManager.swift */,
				07684338243523740052FD64 /* UserDataManager.swift */,
			);
			path = Manager;
			sourceTree = "<group>";
		};
		076843352434FFBD0052FD64 /* Model */ = {
			isa = PBXGroup;
			children = (
				076843362434FFC70052FD64 /* App.swift */,
				0768433A243523AF0052FD64 /* User.swift */,
			);
			path = Model;
			sourceTree = "<group>";
		};
		079BE4D7241816B100241627 /* Home */ = {
			isa = PBXGroup;
			children = (
				079BE4D8241816B700241627 /* View */,
			);
			path = Home;
			sourceTree = "<group>";
		};
		079BE4D8241816B700241627 /* View */ = {
			isa = PBXGroup;
			children = (
				07A649FF2417E137003C6753 /* HomeView.swift */,
				0749E1AF242A743300340F8B /* ProfileView.swift */,
			);
			path = View;
			sourceTree = "<group>";
		};
		079BE4D9241816C800241627 /* Authentication */ = {
			isa = PBXGroup;
			children = (
				074B143E241AC6D7000CFFA0 /* ViewModel */,
				079BE4DA241816DE00241627 /* View */,
			);
			path = Authentication;
			sourceTree = "<group>";
		};
		079BE4DA241816DE00241627 /* View */ = {
			isa = PBXGroup;
			children = (
				079BE4DB241816F700241627 /* LoginView.swift */,
				07415FE424181D8800486885 /* SignUpView.swift */,
			);
			path = View;
			sourceTree = "<group>";
		};
		07A649EF2417E137003C6753 = {
			isa = PBXGroup;
			children = (
				07A649FA2417E137003C6753 /* swift-ui-base */,
				07A64A112417E13B003C6753 /* swift-ui-baseTests */,
				07A64A1C2417E13B003C6753 /* swift-ui-baseUITests */,
				07A649F92417E137003C6753 /* Products */,
				6CB79ED3831C28F2FA96610D /* Pods */,
				32D2B3DBE5B5507F737B41B0 /* Frameworks */,
			);
			sourceTree = "<group>";
		};
		07A649F92417E137003C6753 /* Products */ = {
			isa = PBXGroup;
			children = (
				07A649F82417E137003C6753 /* swift-ui-base.app */,
				07A64A0E2417E13B003C6753 /* swift-ui-baseTests.xctest */,
				07A64A192417E13B003C6753 /* swift-ui-baseUITests.xctest */,
			);
			name = Products;
			sourceTree = "<group>";
		};
		07A649FA2417E137003C6753 /* swift-ui-base */ = {
			isa = PBXGroup;
			children = (
				07A649FB2417E137003C6753 /* AppDelegate.swift */,
				07A649FD2417E137003C6753 /* SceneDelegate.swift */,
				07415FEA24183A2700486885 /* Extensions */,
				07415FE62418325A00486885 /* Common */,
				079BE4D9241816C800241627 /* Authentication */,
				079BE4D7241816B100241627 /* Home */,
				0768431B2434D9520052FD64 /* Networking */,
				07442D0D241C169F00A235E7 /* Navigation */,
				07A64A012417E13A003C6753 /* Assets.xcassets */,
				07A64A062417E13A003C6753 /* LaunchScreen.storyboard */,
				07A64A092417E13A003C6753 /* Info.plist */,
				07A64A032417E13A003C6753 /* Preview Content */,
			);
			path = "swift-ui-base";
			sourceTree = "<group>";
		};
		07A64A032417E13A003C6753 /* Preview Content */ = {
			isa = PBXGroup;
			children = (
				07A64A042417E13A003C6753 /* Preview Assets.xcassets */,
			);
			path = "Preview Content";
			sourceTree = "<group>";
		};
		07A64A112417E13B003C6753 /* swift-ui-baseTests */ = {
			isa = PBXGroup;
			children = (
				07A64A122417E13B003C6753 /* swift_ui_baseTests.swift */,
				07A64A142417E13B003C6753 /* Info.plist */,
			);
			path = "swift-ui-baseTests";
			sourceTree = "<group>";
		};
		07A64A1C2417E13B003C6753 /* swift-ui-baseUITests */ = {
			isa = PBXGroup;
			children = (
				07A64A1D2417E13B003C6753 /* swift_ui_baseUITests.swift */,
				07A64A1F2417E13B003C6753 /* Info.plist */,
			);
			path = "swift-ui-baseUITests";
			sourceTree = "<group>";
		};
		32D2B3DBE5B5507F737B41B0 /* Frameworks */ = {
			isa = PBXGroup;
			children = (
				BFEC362C9076EB4484C6F738 /* Pods_swift_ui_base.framework */,
				058C2EECB9E8E4FD7D43885A /* Pods_swift_ui_baseTests.framework */,
				7342A35480A6FAF99723F957 /* Pods_swift_ui_baseUITests.framework */,
			);
			name = Frameworks;
			sourceTree = "<group>";
		};
		6CB79ED3831C28F2FA96610D /* Pods */ = {
			isa = PBXGroup;
			children = (
				B7E08AE950716555C03268DA /* Pods-swift-ui-base.debug.xcconfig */,
				12653AEF26E8044C6B61E1ED /* Pods-swift-ui-base.release.xcconfig */,
				40226436FE838D186D731142 /* Pods-swift-ui-base-swift-ui-baseUITests.debug.xcconfig */,
				C2B29133D2785C71D78BD97B /* Pods-swift-ui-base-swift-ui-baseUITests.release.xcconfig */,
				147939A36A56A6307116F738 /* Pods-swift-ui-baseTests.debug.xcconfig */,
				72B223D48BBD0ED4B7332B93 /* Pods-swift-ui-baseTests.release.xcconfig */,
				9B082B02B1F5FE25430008AB /* Pods-swift-ui-baseUITests.debug.xcconfig */,
				7D96E4C3946755E2926E5F2D /* Pods-swift-ui-baseUITests.release.xcconfig */,
			);
			path = Pods;
			sourceTree = "<group>";
		};
/* End PBXGroup section */

/* Begin PBXNativeTarget section */
		07A649F72417E137003C6753 /* swift-ui-base */ = {
			isa = PBXNativeTarget;
			buildConfigurationList = 07A64A222417E13B003C6753 /* Build configuration list for PBXNativeTarget "swift-ui-base" */;
			buildPhases = (
				A80F6CD1653A3FB5024AAA8C /* [CP] Check Pods Manifest.lock */,
				07A649F42417E137003C6753 /* Sources */,
				07A649F52417E137003C6753 /* Frameworks */,
				07A649F62417E137003C6753 /* Resources */,
				9F16EE7B37DA3003C07BF49A /* [CP] Embed Pods Frameworks */,
			);
			buildRules = (
			);
			dependencies = (
			);
			name = "swift-ui-base";
			productName = "swift-ui-base";
			productReference = 07A649F82417E137003C6753 /* swift-ui-base.app */;
			productType = "com.apple.product-type.application";
		};
		07A64A0D2417E13B003C6753 /* swift-ui-baseTests */ = {
			isa = PBXNativeTarget;
			buildConfigurationList = 07A64A252417E13B003C6753 /* Build configuration list for PBXNativeTarget "swift-ui-baseTests" */;
			buildPhases = (
				4AD27D747EC29AA51AD7B80E /* [CP] Check Pods Manifest.lock */,
				07A64A0A2417E13B003C6753 /* Sources */,
				07A64A0B2417E13B003C6753 /* Frameworks */,
				07A64A0C2417E13B003C6753 /* Resources */,
			);
			buildRules = (
			);
			dependencies = (
				07A64A102417E13B003C6753 /* PBXTargetDependency */,
			);
			name = "swift-ui-baseTests";
			productName = "swift-ui-baseTests";
			productReference = 07A64A0E2417E13B003C6753 /* swift-ui-baseTests.xctest */;
			productType = "com.apple.product-type.bundle.unit-test";
		};
		07A64A182417E13B003C6753 /* swift-ui-baseUITests */ = {
			isa = PBXNativeTarget;
			buildConfigurationList = 07A64A282417E13B003C6753 /* Build configuration list for PBXNativeTarget "swift-ui-baseUITests" */;
			buildPhases = (
				9CB23679F4BD645F82AB1A78 /* [CP] Check Pods Manifest.lock */,
				07A64A152417E13B003C6753 /* Sources */,
				07A64A162417E13B003C6753 /* Frameworks */,
				07A64A172417E13B003C6753 /* Resources */,
			);
			buildRules = (
			);
			dependencies = (
				07A64A1B2417E13B003C6753 /* PBXTargetDependency */,
			);
			name = "swift-ui-baseUITests";
			productName = "swift-ui-baseUITests";
			productReference = 07A64A192417E13B003C6753 /* swift-ui-baseUITests.xctest */;
			productType = "com.apple.product-type.bundle.ui-testing";
		};
/* End PBXNativeTarget section */

/* Begin PBXProject section */
		07A649F02417E137003C6753 /* Project object */ = {
			isa = PBXProject;
			attributes = {
				LastSwiftUpdateCheck = 1120;
				LastUpgradeCheck = 1120;
				ORGANIZATIONNAME = Rootstrap;
				TargetAttributes = {
					07A649F72417E137003C6753 = {
						CreatedOnToolsVersion = 11.2.1;
					};
					07A64A0D2417E13B003C6753 = {
						CreatedOnToolsVersion = 11.2.1;
						TestTargetID = 07A649F72417E137003C6753;
					};
					07A64A182417E13B003C6753 = {
						CreatedOnToolsVersion = 11.2.1;
						TestTargetID = 07A649F72417E137003C6753;
					};
				};
			};
			buildConfigurationList = 07A649F32417E137003C6753 /* Build configuration list for PBXProject "swift-ui-base" */;
			compatibilityVersion = "Xcode 9.3";
			developmentRegion = en;
			hasScannedForEncodings = 0;
			knownRegions = (
				en,
				Base,
			);
			mainGroup = 07A649EF2417E137003C6753;
			productRefGroup = 07A649F92417E137003C6753 /* Products */;
			projectDirPath = "";
			projectRoot = "";
			targets = (
				07A649F72417E137003C6753 /* swift-ui-base */,
				07A64A0D2417E13B003C6753 /* swift-ui-baseTests */,
				07A64A182417E13B003C6753 /* swift-ui-baseUITests */,
			);
		};
/* End PBXProject section */

/* Begin PBXResourcesBuildPhase section */
		07A649F62417E137003C6753 /* Resources */ = {
			isa = PBXResourcesBuildPhase;
			buildActionMask = 2147483647;
			files = (
				07A64A082417E13A003C6753 /* LaunchScreen.storyboard in Resources */,
				07A64A052417E13A003C6753 /* Preview Assets.xcassets in Resources */,
				07A64A022417E13A003C6753 /* Assets.xcassets in Resources */,
			);
			runOnlyForDeploymentPostprocessing = 0;
		};
		07A64A0C2417E13B003C6753 /* Resources */ = {
			isa = PBXResourcesBuildPhase;
			buildActionMask = 2147483647;
			files = (
			);
			runOnlyForDeploymentPostprocessing = 0;
		};
		07A64A172417E13B003C6753 /* Resources */ = {
			isa = PBXResourcesBuildPhase;
			buildActionMask = 2147483647;
			files = (
			);
			runOnlyForDeploymentPostprocessing = 0;
		};
/* End PBXResourcesBuildPhase section */

/* Begin PBXShellScriptBuildPhase section */
		4AD27D747EC29AA51AD7B80E /* [CP] Check Pods Manifest.lock */ = {
			isa = PBXShellScriptBuildPhase;
			buildActionMask = 2147483647;
			files = (
			);
			inputFileListPaths = (
			);
			inputPaths = (
				"${PODS_PODFILE_DIR_PATH}/Podfile.lock",
				"${PODS_ROOT}/Manifest.lock",
			);
			name = "[CP] Check Pods Manifest.lock";
			outputFileListPaths = (
			);
			outputPaths = (
				"$(DERIVED_FILE_DIR)/Pods-swift-ui-baseTests-checkManifestLockResult.txt",
			);
			runOnlyForDeploymentPostprocessing = 0;
			shellPath = /bin/sh;
			shellScript = "diff \"${PODS_PODFILE_DIR_PATH}/Podfile.lock\" \"${PODS_ROOT}/Manifest.lock\" > /dev/null\nif [ $? != 0 ] ; then\n    # print error to STDERR\n    echo \"error: The sandbox is not in sync with the Podfile.lock. Run 'pod install' or update your CocoaPods installation.\" >&2\n    exit 1\nfi\n# This output is used by Xcode 'outputs' to avoid re-running this script phase.\necho \"SUCCESS\" > \"${SCRIPT_OUTPUT_FILE_0}\"\n";
			showEnvVarsInLog = 0;
		};
		9CB23679F4BD645F82AB1A78 /* [CP] Check Pods Manifest.lock */ = {
			isa = PBXShellScriptBuildPhase;
			buildActionMask = 2147483647;
			files = (
			);
			inputFileListPaths = (
			);
			inputPaths = (
				"${PODS_PODFILE_DIR_PATH}/Podfile.lock",
				"${PODS_ROOT}/Manifest.lock",
			);
			name = "[CP] Check Pods Manifest.lock";
			outputFileListPaths = (
			);
			outputPaths = (
				"$(DERIVED_FILE_DIR)/Pods-swift-ui-baseUITests-checkManifestLockResult.txt",
			);
			runOnlyForDeploymentPostprocessing = 0;
			shellPath = /bin/sh;
			shellScript = "diff \"${PODS_PODFILE_DIR_PATH}/Podfile.lock\" \"${PODS_ROOT}/Manifest.lock\" > /dev/null\nif [ $? != 0 ] ; then\n    # print error to STDERR\n    echo \"error: The sandbox is not in sync with the Podfile.lock. Run 'pod install' or update your CocoaPods installation.\" >&2\n    exit 1\nfi\n# This output is used by Xcode 'outputs' to avoid re-running this script phase.\necho \"SUCCESS\" > \"${SCRIPT_OUTPUT_FILE_0}\"\n";
			showEnvVarsInLog = 0;
		};
		9F16EE7B37DA3003C07BF49A /* [CP] Embed Pods Frameworks */ = {
			isa = PBXShellScriptBuildPhase;
			buildActionMask = 2147483647;
			files = (
			);
			inputFileListPaths = (
				"${PODS_ROOT}/Target Support Files/Pods-swift-ui-base/Pods-swift-ui-base-frameworks-${CONFIGURATION}-input-files.xcfilelist",
			);
			name = "[CP] Embed Pods Frameworks";
			outputFileListPaths = (
				"${PODS_ROOT}/Target Support Files/Pods-swift-ui-base/Pods-swift-ui-base-frameworks-${CONFIGURATION}-output-files.xcfilelist",
			);
			runOnlyForDeploymentPostprocessing = 0;
			shellPath = /bin/sh;
			shellScript = "\"${PODS_ROOT}/Target Support Files/Pods-swift-ui-base/Pods-swift-ui-base-frameworks.sh\"\n";
			showEnvVarsInLog = 0;
		};
		A80F6CD1653A3FB5024AAA8C /* [CP] Check Pods Manifest.lock */ = {
			isa = PBXShellScriptBuildPhase;
			buildActionMask = 2147483647;
			files = (
			);
			inputFileListPaths = (
			);
			inputPaths = (
				"${PODS_PODFILE_DIR_PATH}/Podfile.lock",
				"${PODS_ROOT}/Manifest.lock",
			);
			name = "[CP] Check Pods Manifest.lock";
			outputFileListPaths = (
			);
			outputPaths = (
				"$(DERIVED_FILE_DIR)/Pods-swift-ui-base-checkManifestLockResult.txt",
			);
			runOnlyForDeploymentPostprocessing = 0;
			shellPath = /bin/sh;
			shellScript = "diff \"${PODS_PODFILE_DIR_PATH}/Podfile.lock\" \"${PODS_ROOT}/Manifest.lock\" > /dev/null\nif [ $? != 0 ] ; then\n    # print error to STDERR\n    echo \"error: The sandbox is not in sync with the Podfile.lock. Run 'pod install' or update your CocoaPods installation.\" >&2\n    exit 1\nfi\n# This output is used by Xcode 'outputs' to avoid re-running this script phase.\necho \"SUCCESS\" > \"${SCRIPT_OUTPUT_FILE_0}\"\n";
			showEnvVarsInLog = 0;
		};
/* End PBXShellScriptBuildPhase section */

/* Begin PBXSourcesBuildPhase section */
		07A649F42417E137003C6753 /* Sources */ = {
			isa = PBXSourcesBuildPhase;
			buildActionMask = 2147483647;
			files = (
				07A649FC2417E137003C6753 /* AppDelegate.swift in Sources */,
				076843222434DF8C0052FD64 /* Session.swift in Sources */,
				07442D13241C189300A235E7 /* ViewRouter.swift in Sources */,
				074AADB924192895002C6F85 /* TextFieldData.swift in Sources */,
				074B1440241AC6ED000CFFA0 /* LoginViewModel.swift in Sources */,
				0768433B243523AF0052FD64 /* User.swift in Sources */,
				07849A77243783CE00321FB9 /* SignUpViewModel.swift in Sources */,
				076843302434E6660052FD64 /* MultipartMedia.swift in Sources */,
				0768432E2434E5170052FD64 /* APIClient.swift in Sources */,
				07442D0B241C08E700A235E7 /* ActivityIndicatorView.swift in Sources */,
				07415FEC24183A7E00486885 /* StringExtension.swift in Sources */,
				071D6B6C241976C200571DE9 /* TitleModifier.swift in Sources */,
				076843322434E6B70052FD64 /* Base64Media.swift in Sources */,
				0749E1B0242A743300340F8B /* ProfileView.swift in Sources */,
				076843372434FFC70052FD64 /* App.swift in Sources */,
				07849A7924378E4B00321FB9 /* ImageExtension.swift in Sources */,
				076843242434DFBC0052FD64 /* DictionaryExtension.swift in Sources */,
				0768431F2434D9B40052FD64 /* LoginServices.swift in Sources */,
				071D6B682419576500571DE9 /* ColorExtension.swift in Sources */,
				07415FE524181D8800486885 /* SignUpView.swift in Sources */,
				07415FE9241832E700486885 /* TextFieldView.swift in Sources */,
				07442D11241C186100A235E7 /* RootView.swift in Sources */,
				07A649FE2417E137003C6753 /* SceneDelegate.swift in Sources */,
				07684339243523740052FD64 /* UserDataManager.swift in Sources */,
				079BE4DC241816F700241627 /* LoginView.swift in Sources */,
				0768432C2434E0D20052FD64 /* ConfigurationManager.swift in Sources */,
				076843262434DFD30052FD64 /* HTTPHeader.swift in Sources */,
				076843292434E03B0052FD64 /* SessionManager.swift in Sources */,
				07A64A002417E137003C6753 /* HomeView.swift in Sources */,
			);
			runOnlyForDeploymentPostprocessing = 0;
		};
		07A64A0A2417E13B003C6753 /* Sources */ = {
			isa = PBXSourcesBuildPhase;
			buildActionMask = 2147483647;
			files = (
				07A64A132417E13B003C6753 /* swift_ui_baseTests.swift in Sources */,
			);
			runOnlyForDeploymentPostprocessing = 0;
		};
		07A64A152417E13B003C6753 /* Sources */ = {
			isa = PBXSourcesBuildPhase;
			buildActionMask = 2147483647;
			files = (
				07A64A1E2417E13B003C6753 /* swift_ui_baseUITests.swift in Sources */,
			);
			runOnlyForDeploymentPostprocessing = 0;
		};
/* End PBXSourcesBuildPhase section */

/* Begin PBXTargetDependency section */
		07A64A102417E13B003C6753 /* PBXTargetDependency */ = {
			isa = PBXTargetDependency;
			target = 07A649F72417E137003C6753 /* swift-ui-base */;
			targetProxy = 07A64A0F2417E13B003C6753 /* PBXContainerItemProxy */;
		};
		07A64A1B2417E13B003C6753 /* PBXTargetDependency */ = {
			isa = PBXTargetDependency;
			target = 07A649F72417E137003C6753 /* swift-ui-base */;
			targetProxy = 07A64A1A2417E13B003C6753 /* PBXContainerItemProxy */;
		};
/* End PBXTargetDependency section */

/* Begin PBXVariantGroup section */
		07A64A062417E13A003C6753 /* LaunchScreen.storyboard */ = {
			isa = PBXVariantGroup;
			children = (
				07A64A072417E13A003C6753 /* Base */,
			);
			name = LaunchScreen.storyboard;
			sourceTree = "<group>";
		};
/* End PBXVariantGroup section */

/* Begin XCBuildConfiguration section */
		07A64A202417E13B003C6753 /* Debug */ = {
			isa = XCBuildConfiguration;
			buildSettings = {
				ALWAYS_SEARCH_USER_PATHS = NO;
				CLANG_ANALYZER_NONNULL = YES;
				CLANG_ANALYZER_NUMBER_OBJECT_CONVERSION = YES_AGGRESSIVE;
				CLANG_CXX_LANGUAGE_STANDARD = "gnu++14";
				CLANG_CXX_LIBRARY = "libc++";
				CLANG_ENABLE_MODULES = YES;
				CLANG_ENABLE_OBJC_ARC = YES;
				CLANG_ENABLE_OBJC_WEAK = YES;
				CLANG_WARN_BLOCK_CAPTURE_AUTORELEASING = YES;
				CLANG_WARN_BOOL_CONVERSION = YES;
				CLANG_WARN_COMMA = YES;
				CLANG_WARN_CONSTANT_CONVERSION = YES;
				CLANG_WARN_DEPRECATED_OBJC_IMPLEMENTATIONS = YES;
				CLANG_WARN_DIRECT_OBJC_ISA_USAGE = YES_ERROR;
				CLANG_WARN_DOCUMENTATION_COMMENTS = YES;
				CLANG_WARN_EMPTY_BODY = YES;
				CLANG_WARN_ENUM_CONVERSION = YES;
				CLANG_WARN_INFINITE_RECURSION = YES;
				CLANG_WARN_INT_CONVERSION = YES;
				CLANG_WARN_NON_LITERAL_NULL_CONVERSION = YES;
				CLANG_WARN_OBJC_IMPLICIT_RETAIN_SELF = YES;
				CLANG_WARN_OBJC_LITERAL_CONVERSION = YES;
				CLANG_WARN_OBJC_ROOT_CLASS = YES_ERROR;
				CLANG_WARN_RANGE_LOOP_ANALYSIS = YES;
				CLANG_WARN_STRICT_PROTOTYPES = YES;
				CLANG_WARN_SUSPICIOUS_MOVE = YES;
				CLANG_WARN_UNGUARDED_AVAILABILITY = YES_AGGRESSIVE;
				CLANG_WARN_UNREACHABLE_CODE = YES;
				CLANG_WARN__DUPLICATE_METHOD_MATCH = YES;
				COPY_PHASE_STRIP = NO;
				DEBUG_INFORMATION_FORMAT = dwarf;
				ENABLE_STRICT_OBJC_MSGSEND = YES;
				ENABLE_TESTABILITY = YES;
				GCC_C_LANGUAGE_STANDARD = gnu11;
				GCC_DYNAMIC_NO_PIC = NO;
				GCC_NO_COMMON_BLOCKS = YES;
				GCC_OPTIMIZATION_LEVEL = 0;
				GCC_PREPROCESSOR_DEFINITIONS = (
					"DEBUG=1",
					"$(inherited)",
				);
				GCC_WARN_64_TO_32_BIT_CONVERSION = YES;
				GCC_WARN_ABOUT_RETURN_TYPE = YES_ERROR;
				GCC_WARN_UNDECLARED_SELECTOR = YES;
				GCC_WARN_UNINITIALIZED_AUTOS = YES_AGGRESSIVE;
				GCC_WARN_UNUSED_FUNCTION = YES;
				GCC_WARN_UNUSED_VARIABLE = YES;
				IPHONEOS_DEPLOYMENT_TARGET = 13.2;
				MTL_ENABLE_DEBUG_INFO = INCLUDE_SOURCE;
				MTL_FAST_MATH = YES;
				ONLY_ACTIVE_ARCH = YES;
				SDKROOT = iphoneos;
				SWIFT_ACTIVE_COMPILATION_CONDITIONS = DEBUG;
				SWIFT_OPTIMIZATION_LEVEL = "-Onone";
			};
			name = Debug;
		};
		07A64A212417E13B003C6753 /* Release */ = {
			isa = XCBuildConfiguration;
			buildSettings = {
				ALWAYS_SEARCH_USER_PATHS = NO;
				CLANG_ANALYZER_NONNULL = YES;
				CLANG_ANALYZER_NUMBER_OBJECT_CONVERSION = YES_AGGRESSIVE;
				CLANG_CXX_LANGUAGE_STANDARD = "gnu++14";
				CLANG_CXX_LIBRARY = "libc++";
				CLANG_ENABLE_MODULES = YES;
				CLANG_ENABLE_OBJC_ARC = YES;
				CLANG_ENABLE_OBJC_WEAK = YES;
				CLANG_WARN_BLOCK_CAPTURE_AUTORELEASING = YES;
				CLANG_WARN_BOOL_CONVERSION = YES;
				CLANG_WARN_COMMA = YES;
				CLANG_WARN_CONSTANT_CONVERSION = YES;
				CLANG_WARN_DEPRECATED_OBJC_IMPLEMENTATIONS = YES;
				CLANG_WARN_DIRECT_OBJC_ISA_USAGE = YES_ERROR;
				CLANG_WARN_DOCUMENTATION_COMMENTS = YES;
				CLANG_WARN_EMPTY_BODY = YES;
				CLANG_WARN_ENUM_CONVERSION = YES;
				CLANG_WARN_INFINITE_RECURSION = YES;
				CLANG_WARN_INT_CONVERSION = YES;
				CLANG_WARN_NON_LITERAL_NULL_CONVERSION = YES;
				CLANG_WARN_OBJC_IMPLICIT_RETAIN_SELF = YES;
				CLANG_WARN_OBJC_LITERAL_CONVERSION = YES;
				CLANG_WARN_OBJC_ROOT_CLASS = YES_ERROR;
				CLANG_WARN_RANGE_LOOP_ANALYSIS = YES;
				CLANG_WARN_STRICT_PROTOTYPES = YES;
				CLANG_WARN_SUSPICIOUS_MOVE = YES;
				CLANG_WARN_UNGUARDED_AVAILABILITY = YES_AGGRESSIVE;
				CLANG_WARN_UNREACHABLE_CODE = YES;
				CLANG_WARN__DUPLICATE_METHOD_MATCH = YES;
				COPY_PHASE_STRIP = NO;
				DEBUG_INFORMATION_FORMAT = "dwarf-with-dsym";
				ENABLE_NS_ASSERTIONS = NO;
				ENABLE_STRICT_OBJC_MSGSEND = YES;
				GCC_C_LANGUAGE_STANDARD = gnu11;
				GCC_NO_COMMON_BLOCKS = YES;
				GCC_WARN_64_TO_32_BIT_CONVERSION = YES;
				GCC_WARN_ABOUT_RETURN_TYPE = YES_ERROR;
				GCC_WARN_UNDECLARED_SELECTOR = YES;
				GCC_WARN_UNINITIALIZED_AUTOS = YES_AGGRESSIVE;
				GCC_WARN_UNUSED_FUNCTION = YES;
				GCC_WARN_UNUSED_VARIABLE = YES;
				IPHONEOS_DEPLOYMENT_TARGET = 13.2;
				MTL_ENABLE_DEBUG_INFO = NO;
				MTL_FAST_MATH = YES;
				SDKROOT = iphoneos;
				SWIFT_COMPILATION_MODE = wholemodule;
				SWIFT_OPTIMIZATION_LEVEL = "-O";
				VALIDATE_PRODUCT = YES;
			};
			name = Release;
		};
		07A64A232417E13B003C6753 /* Debug */ = {
			isa = XCBuildConfiguration;
			baseConfigurationReference = B7E08AE950716555C03268DA /* Pods-swift-ui-base.debug.xcconfig */;
			buildSettings = {
				ASSETCATALOG_COMPILER_APPICON_NAME = AppIcon;
				BASE_URL = "https://rails5-api-base.herokuapp.com/api/v1";
				CODE_SIGN_STYLE = Automatic;
				DEVELOPMENT_ASSET_PATHS = "\"swift-ui-base/Preview Content\"";
				DEVELOPMENT_TEAM = V9839GT2TL;
				ENABLE_PREVIEWS = YES;
				INFOPLIST_FILE = "swift-ui-base/Info.plist";
				LD_RUNPATH_SEARCH_PATHS = (
					"$(inherited)",
					"@executable_path/Frameworks",
				);
				PRODUCT_BUNDLE_IDENTIFIER = "com.rootstrap.swift-ui-base";
				PRODUCT_NAME = "$(TARGET_NAME)";
				SWIFT_VERSION = 5.0;
				TARGETED_DEVICE_FAMILY = "1,2";
			};
			name = Debug;
		};
		07A64A242417E13B003C6753 /* Release */ = {
			isa = XCBuildConfiguration;
			baseConfigurationReference = 12653AEF26E8044C6B61E1ED /* Pods-swift-ui-base.release.xcconfig */;
			buildSettings = {
				ASSETCATALOG_COMPILER_APPICON_NAME = AppIcon;
				BASE_URL = "https://rails5-api-base.herokuapp.com/api/v1";
				CODE_SIGN_STYLE = Automatic;
				DEVELOPMENT_ASSET_PATHS = "\"swift-ui-base/Preview Content\"";
				DEVELOPMENT_TEAM = V9839GT2TL;
				ENABLE_PREVIEWS = YES;
				INFOPLIST_FILE = "swift-ui-base/Info.plist";
				LD_RUNPATH_SEARCH_PATHS = (
					"$(inherited)",
					"@executable_path/Frameworks",
				);
				PRODUCT_BUNDLE_IDENTIFIER = "com.rootstrap.swift-ui-base";
				PRODUCT_NAME = "$(TARGET_NAME)";
				SWIFT_VERSION = 5.0;
				TARGETED_DEVICE_FAMILY = "1,2";
			};
			name = Release;
		};
		07A64A262417E13B003C6753 /* Debug */ = {
			isa = XCBuildConfiguration;
			baseConfigurationReference = 147939A36A56A6307116F738 /* Pods-swift-ui-baseTests.debug.xcconfig */;
			buildSettings = {
				ALWAYS_EMBED_SWIFT_STANDARD_LIBRARIES = YES;
				BUNDLE_LOADER = "$(TEST_HOST)";
				CODE_SIGN_STYLE = Automatic;
				DEVELOPMENT_TEAM = V9839GT2TL;
				INFOPLIST_FILE = "swift-ui-baseTests/Info.plist";
				IPHONEOS_DEPLOYMENT_TARGET = 13.2;
				LD_RUNPATH_SEARCH_PATHS = (
					"$(inherited)",
					"@executable_path/Frameworks",
					"@loader_path/Frameworks",
				);
				PRODUCT_BUNDLE_IDENTIFIER = "com.rootstrap.swift-ui-baseTests";
				PRODUCT_NAME = "$(TARGET_NAME)";
				SWIFT_VERSION = 5.0;
				TARGETED_DEVICE_FAMILY = "1,2";
				TEST_HOST = "$(BUILT_PRODUCTS_DIR)/swift-ui-base.app/swift-ui-base";
			};
			name = Debug;
		};
		07A64A272417E13B003C6753 /* Release */ = {
			isa = XCBuildConfiguration;
			baseConfigurationReference = 72B223D48BBD0ED4B7332B93 /* Pods-swift-ui-baseTests.release.xcconfig */;
			buildSettings = {
				ALWAYS_EMBED_SWIFT_STANDARD_LIBRARIES = YES;
				BUNDLE_LOADER = "$(TEST_HOST)";
				CODE_SIGN_STYLE = Automatic;
				DEVELOPMENT_TEAM = V9839GT2TL;
				INFOPLIST_FILE = "swift-ui-baseTests/Info.plist";
				IPHONEOS_DEPLOYMENT_TARGET = 13.2;
				LD_RUNPATH_SEARCH_PATHS = (
					"$(inherited)",
					"@executable_path/Frameworks",
					"@loader_path/Frameworks",
				);
				PRODUCT_BUNDLE_IDENTIFIER = "com.rootstrap.swift-ui-baseTests";
				PRODUCT_NAME = "$(TARGET_NAME)";
				SWIFT_VERSION = 5.0;
				TARGETED_DEVICE_FAMILY = "1,2";
				TEST_HOST = "$(BUILT_PRODUCTS_DIR)/swift-ui-base.app/swift-ui-base";
			};
			name = Release;
		};
		07A64A292417E13B003C6753 /* Debug */ = {
			isa = XCBuildConfiguration;
			baseConfigurationReference = 9B082B02B1F5FE25430008AB /* Pods-swift-ui-baseUITests.debug.xcconfig */;
			buildSettings = {
				ALWAYS_EMBED_SWIFT_STANDARD_LIBRARIES = YES;
				CODE_SIGN_STYLE = Automatic;
				DEVELOPMENT_TEAM = V9839GT2TL;
				INFOPLIST_FILE = "swift-ui-baseUITests/Info.plist";
				LD_RUNPATH_SEARCH_PATHS = (
					"$(inherited)",
					"@executable_path/Frameworks",
					"@loader_path/Frameworks",
				);
				PRODUCT_BUNDLE_IDENTIFIER = "com.rootstrap.swift-ui-baseUITests";
				PRODUCT_NAME = "$(TARGET_NAME)";
				SWIFT_VERSION = 5.0;
				TARGETED_DEVICE_FAMILY = "1,2";
				TEST_TARGET_NAME = "swift-ui-base";
			};
			name = Debug;
		};
		07A64A2A2417E13B003C6753 /* Release */ = {
			isa = XCBuildConfiguration;
			baseConfigurationReference = 7D96E4C3946755E2926E5F2D /* Pods-swift-ui-baseUITests.release.xcconfig */;
			buildSettings = {
				ALWAYS_EMBED_SWIFT_STANDARD_LIBRARIES = YES;
				CODE_SIGN_STYLE = Automatic;
				DEVELOPMENT_TEAM = V9839GT2TL;
				INFOPLIST_FILE = "swift-ui-baseUITests/Info.plist";
				LD_RUNPATH_SEARCH_PATHS = (
					"$(inherited)",
					"@executable_path/Frameworks",
					"@loader_path/Frameworks",
				);
				PRODUCT_BUNDLE_IDENTIFIER = "com.rootstrap.swift-ui-baseUITests";
				PRODUCT_NAME = "$(TARGET_NAME)";
				SWIFT_VERSION = 5.0;
				TARGETED_DEVICE_FAMILY = "1,2";
				TEST_TARGET_NAME = "swift-ui-base";
			};
			name = Release;
		};
/* End XCBuildConfiguration section */

/* Begin XCConfigurationList section */
		07A649F32417E137003C6753 /* Build configuration list for PBXProject "swift-ui-base" */ = {
			isa = XCConfigurationList;
			buildConfigurations = (
				07A64A202417E13B003C6753 /* Debug */,
				07A64A212417E13B003C6753 /* Release */,
			);
			defaultConfigurationIsVisible = 0;
			defaultConfigurationName = Release;
		};
		07A64A222417E13B003C6753 /* Build configuration list for PBXNativeTarget "swift-ui-base" */ = {
			isa = XCConfigurationList;
			buildConfigurations = (
				07A64A232417E13B003C6753 /* Debug */,
				07A64A242417E13B003C6753 /* Release */,
			);
			defaultConfigurationIsVisible = 0;
			defaultConfigurationName = Release;
		};
		07A64A252417E13B003C6753 /* Build configuration list for PBXNativeTarget "swift-ui-baseTests" */ = {
			isa = XCConfigurationList;
			buildConfigurations = (
				07A64A262417E13B003C6753 /* Debug */,
				07A64A272417E13B003C6753 /* Release */,
			);
			defaultConfigurationIsVisible = 0;
			defaultConfigurationName = Release;
		};
		07A64A282417E13B003C6753 /* Build configuration list for PBXNativeTarget "swift-ui-baseUITests" */ = {
			isa = XCConfigurationList;
			buildConfigurations = (
				07A64A292417E13B003C6753 /* Debug */,
				07A64A2A2417E13B003C6753 /* Release */,
			);
			defaultConfigurationIsVisible = 0;
			defaultConfigurationName = Release;
		};
/* End XCConfigurationList section */
	};
	rootObject = 07A649F02417E137003C6753 /* Project object */;
}
